# This file is autogenerated, do not edit; changes may be undone by the next 'dep ensure'.


[[projects]]
  digest = "1:b856d8248663c39265a764561c1a1a149783f6cc815feb54a1f3a591b91f6eca"
  name = "github.com/Masterminds/semver"
  packages = ["."]
  pruneopts = ""
  revision = "c7af12943936e8c39859482e61f0574c2fd7fc75"
  version = "v1.4.2"

[[projects]]
  digest = "1:d10482a602e3facc4fb1115a862153759339b825503f8420fcfc9738fd547730"
  name = "github.com/Masterminds/sprig"
  packages = ["."]
  pruneopts = ""
  revision = "6b2a58267f6a8b1dc8e2eb5519b984008fa85e8c"
  version = "v2.15.0"

[[projects]]
  digest = "1:24cff84fefa06791f78f9bc6e05c2a3a90710c81ae6b76225280daf33b267d36"
  name = "github.com/aokoli/goutils"
  packages = ["."]
  pruneopts = ""
  revision = "3391d3790d23d03408670993e957e8f408993c34"
  version = "v1.0.1"

[[projects]]
  digest = "1:56c130d885a4aacae1dd9c7b71cfe39912c7ebc1ff7d2b46083c8812996dc43b"
  name = "github.com/davecgh/go-spew"
  packages = ["spew"]
  pruneopts = ""
  revision = "346938d642f2ec3594ed81d874461961cd0faa76"
  version = "v1.1.0"

[[projects]]
  digest = "1:c1d7e883c50a26ea34019320d8ae40fad86c9e5d56e63a1ba2cb618cef43e986"
  name = "github.com/google/uuid"
  packages = ["."]
  pruneopts = ""
  revision = "064e2069ce9c359c118179501254f67d7d37ba24"
  version = "0.2"

[[projects]]
  digest = "1:a480764e28eb23a164526435877e08a26b0fcc7bade83b21a1fb307ed5ecde5a"
  name = "github.com/huandu/xstrings"
  packages = ["."]
  pruneopts = ""
  revision = "2bf18b218c51864a87384c06996e40ff9dcff8e1"
  version = "v1.0.0"

[[projects]]
  digest = "1:ea625f4c9123f980f6b008d387f812c9327ac1eb5bbcc4e55eff3566f2798e27"
  name = "github.com/imdario/mergo"
  packages = ["."]
  pruneopts = ""
  revision = "9d5f1277e9a8ed20c3684bda8fde67c05628518c"
  version = "v0.3.4"

[[projects]]
  digest = "1:870d441fe217b8e689d7949fef6e43efbc787e50f200cb1e70dbca9204a1d6be"
  name = "github.com/inconshreveable/mousetrap"
  packages = ["."]
  pruneopts = ""
  revision = "76626ae9c91c4f2a10f34cad8ce83ea42c93bb75"
  version = "v1.0"

[[projects]]
  branch = "master"
  digest = "1:d0b151e4f07350afcca336335d5d3698e91ed95e9ffb54fe894806e8899590ef"
  name = "github.com/jinzhu/copier"
  packages = ["."]
  pruneopts = ""
  revision = "7e38e58719c33e0d44d585c4ab477a30f8cb82dd"

[[projects]]
  digest = "1:dbd3b76878498e6720d4f3c801e165f2982d6b4889d54e8d0ff5ea5173149874"
  name = "github.com/pelletier/go-toml"
  packages = ["."]
  pruneopts = ""
  revision = "8e8d2a6aad23fcaa64716c5fa6975ec3abbf8281"
  version = "v1.7.0"

[[projects]]
  digest = "1:256484dbbcd271f9ecebc6795b2df8cad4c458dd0f5fd82a8c2fa0c29f233411"
  name = "github.com/pmezard/go-difflib"
  packages = ["difflib"]
  pruneopts = ""
  revision = "792786c7400a136282c1664665ae0a8db921c6c2"
  version = "v1.0.0"

[[projects]]
  branch = "master"
  digest = "1:d3c2b6f5e3ffca79f93e115c832ebe16aec41b5676a275a9c09dad54d1afd6af"
  name = "github.com/pmylund/sortutil"
  packages = ["."]
  pruneopts = ""
  revision = "abeda66eb583fac2d8d98d3d2e6fbd5c67af7947"

[[projects]]
  digest = "1:74c32990510c9f188556aa17600313e867d1d06f5a9db244056a95d144ec34ce"
  name = "github.com/spf13/cobra"
  packages = ["."]
  pruneopts = ""
  revision = "a1f051bc3eba734da4772d60e2d677f47cf93ef4"
  version = "v0.0.2"

[[projects]]
  digest = "1:8e243c568f36b09031ec18dff5f7d2769dcf5ca4d624ea511c8e3197dc3d352d"
  name = "github.com/spf13/pflag"
  packages = ["."]
  pruneopts = ""
  revision = "583c0c0531f06d5278b7d917446061adc344b5cd"
  version = "v1.0.1"

[[projects]]
  digest = "1:a30066593578732a356dc7e5d7f78d69184ca65aeeff5939241a3ab10559bb06"
  name = "github.com/stretchr/testify"
  packages = ["assert"]
  pruneopts = ""
  revision = "12b6f73e6084dad08a7c6e575284b177ecafbc71"
  version = "v1.2.1"

[[projects]]
  branch = "master"
  digest = "1:a2998a82c6fa1baaa5835f4c2c6c0d6af3bf920bc8c2ebbcc329f1f2d3446d30"
  name = "golang.org/x/crypto"
  packages = [
    "pbkdf2",
    "scrypt",
  ]
  pruneopts = ""
  revision = "2d027ae1dddd4694d54f7a8b6cbe78dca8720226"

[[projects]]
  branch = "v1"
  digest = "1:d6dfc13bd1ac289efe8d7d267ccb0d34dc6a6e55703a228cdea1848f5b2dc529"
  name = "gopkg.in/yaml.v1"
  packages = ["."]
  pruneopts = ""
  revision = "9f9df34309c04878acc86042b16630b0f696e1de"

[solve-meta]
  analyzer-name = "dep"
  analyzer-version = 1
  input-imports = [
    "github.com/Masterminds/semver",
    "github.com/Masterminds/sprig",
    "github.com/aokoli/goutils",
    "github.com/davecgh/go-spew/spew",
    "github.com/google/uuid",
    "github.com/huandu/xstrings",
    "github.com/imdario/mergo",
    "github.com/inconshreveable/mousetrap",
    "github.com/jinzhu/copier",
    "github.com/pelletier/go-toml",
    "github.com/pmezard/go-difflib/difflib",
    "github.com/pmylund/sortutil",
    "github.com/spf13/cobra",
    "github.com/spf13/pflag",
    "github.com/stretchr/testify/assert",
    "golang.org/x/crypto/pbkdf2",
    "golang.org/x/crypto/scrypt",
    "gopkg.in/yaml.v1",
  ]
  solver-name = "gps-cdcl"
  solver-version = 1
